
Microsoft Visual Studio Solution File, Format Version 12.00
# Visual Studio Version 17
VisualStudioVersion = 17.12.35209.166
MinimumVisualStudioVersion = 10.0.40219.1
Project("{FAE04EC0-301F-11D3-BF4B-00C04F79EFBC}") = "BT1", "BT1\BT1.csproj", "{DD6515DA-A256-495B-BF66-864EAD39D8D0}"
EndProject
Project("{FAE04EC0-301F-11D3-BF4B-00C04F79EFBC}") = "BT2", "BT2\BT2.csproj", "{8F49E96C-8290-47C9-9E98-31C7AC5A456F}"
EndProject
Project("{FAE04EC0-301F-11D3-BF4B-00C04F79EFBC}") = "BT3", "BT3\BT3.csproj", "{A554686E-E49D-4C22-B789-EF2A4F275869}"
EndProject
Project("{FAE04EC0-301F-11D3-BF4B-00C04F79EFBC}") = "BT4", "BT4\BT4.csproj", "{4E34A3CB-6A44-4C6E-89D6-80E0CB463921}"
EndProject
Project("{FAE04EC0-301F-11D3-BF4B-00C04F79EFBC}") = "BT5", "BT5\BT5.csproj", "{48D87D3A-A28C-4B6A-AD67-CF5E17C23AB7}"
EndProject
Project("{FAE04EC0-301F-11D3-BF4B-00C04F79EFBC}") = "BT6", "BT6\BT6.csproj", "{9BF72CF6-E067-48F1-9DC1-F3DE2195391D}"
EndProject
Global
	GlobalSection(SolutionConfigurationPlatforms) = preSolution
		Debug|Any CPU = Debug|Any CPU
		Release|Any CPU = Release|Any CPU
	EndGlobalSection
	GlobalSection(ProjectConfigurationPlatforms) = postSolution
		{DD6515DA-A256-495B-BF66-864EAD39D8D0}.Debug|Any CPU.ActiveCfg = Debug|Any CPU
		{DD6515DA-A256-495B-BF66-864EAD39D8D0}.Debug|Any CPU.Build.0 = Debug|Any CPU
		{DD6515DA-A256-495B-BF66-864EAD39D8D0}.Release|Any CPU.ActiveCfg = Release|Any CPU
		{DD6515DA-A256-495B-BF66-864EAD39D8D0}.Release|Any CPU.Build.0 = Release|Any CPU
		{8F49E96C-8290-47C9-9E98-31C7AC5A456F}.Debug|Any CPU.ActiveCfg = Debug|Any CPU
		{8F49E96C-8290-47C9-9E98-31C7AC5A456F}.Debug|Any CPU.Build.0 = Debug|Any CPU
		{8F49E96C-8290-47C9-9E98-31C7AC5A456F}.Release|Any CPU.ActiveCfg = Release|Any CPU
		{8F49E96C-8290-47C9-9E98-31C7AC5A456F}.Release|Any CPU.Build.0 = Release|Any CPU
		{A554686E-E49D-4C22-B789-EF2A4F275869}.Debug|Any CPU.ActiveCfg = Debug|Any CPU
		{A554686E-E49D-4C22-B789-EF2A4F275869}.Debug|Any CPU.Build.0 = Debug|Any CPU
		{A554686E-E49D-4C22-B789-EF2A4F275869}.Release|Any CPU.ActiveCfg = Release|Any CPU
		{A554686E-E49D-4C22-B789-EF2A4F275869}.Release|Any CPU.Build.0 = Release|Any CPU
		{4E34A3CB-6A44-4C6E-89D6-80E0CB463921}.Debug|Any CPU.ActiveCfg = Debug|Any CPU
		{4E34A3CB-6A44-4C6E-89D6-80E0CB463921}.Debug|Any CPU.Build.0 = Debug|Any CPU
		{4E34A3CB-6A44-4C6E-89D6-80E0CB463921}.Release|Any CPU.ActiveCfg = Release|Any CPU
		{4E34A3CB-6A44-4C6E-89D6-80E0CB463921}.Release|Any CPU.Build.0 = Release|Any CPU
		{48D87D3A-A28C-4B6A-AD67-CF5E17C23AB7}.Debug|Any CPU.ActiveCfg = Debug|Any CPU
		{48D87D3A-A28C-4B6A-AD67-CF5E17C23AB7}.Debug|Any CPU.Build.0 = Debug|Any CPU
		{48D87D3A-A28C-4B6A-AD67-CF5E17C23AB7}.Release|Any CPU.ActiveCfg = Release|Any CPU
		{48D87D3A-A28C-4B6A-AD67-CF5E17C23AB7}.Release|Any CPU.Build.0 = Release|Any CPU
		{9BF72CF6-E067-48F1-9DC1-F3DE2195391D}.Debug|Any CPU.ActiveCfg = Debug|Any CPU
		{9BF72CF6-E067-48F1-9DC1-F3DE2195391D}.Debug|Any CPU.Build.0 = Debug|Any CPU
		{9BF72CF6-E067-48F1-9DC1-F3DE2195391D}.Release|Any CPU.ActiveCfg = Release|Any CPU
		{9BF72CF6-E067-48F1-9DC1-F3DE2195391D}.Release|Any CPU.Build.0 = Release|Any CPU
	EndGlobalSection
	GlobalSection(SolutionProperties) = preSolution
		HideSolutionNode = FALSE
	EndGlobalSection
	GlobalSection(ExtensibilityGlobals) = postSolution
		SolutionGuid = {D1927EF5-6399-49D2-892F-2FC93F34B077}
	EndGlobalSection
EndGlobal
